
Microsoft Visual Studio Solution File, Format Version 12.00
# Visual Studio Version 17
VisualStudioVersion = 17.0.31903.59
MinimumVisualStudioVersion = 10.0.40219.1
Project("{FAE04EC0-301F-11D3-BF4B-00C04F79EFBC}") = "Iterator.Domain", "Iterator.Domain\Iterator.Domain.csproj", "{E77C8E20-690B-4AE2-AF68-EBE62DED7175}"
EndProject
Project("{FAE04EC0-301F-11D3-BF4B-00C04F79EFBC}") = "Iterator.Console", "Iterator.Console\Iterator.Console.csproj", "{DC87D12B-47C9-42E0-8A11-6324B4D1DD53}"
EndProject
Project("{FAE04EC0-301F-11D3-BF4B-00C04F79EFBC}") = "Iterator.Appplication", "Iterator.Appplication\Iterator.Appplication.csproj", "{D96ED67F-B639-48C8-AA68-38165F89FAFC}"
EndProject
Global
	GlobalSection(SolutionConfigurationPlatforms) = preSolution
		Debug|Any CPU = Debug|Any CPU
		Debug|x64 = Debug|x64
		Debug|x86 = Debug|x86
		Release|Any CPU = Release|Any CPU
		Release|x64 = Release|x64
		Release|x86 = Release|x86
	EndGlobalSection
	GlobalSection(ProjectConfigurationPlatforms) = postSolution
		{E77C8E20-690B-4AE2-AF68-EBE62DED7175}.Debug|Any CPU.ActiveCfg = Debug|Any CPU
		{E77C8E20-690B-4AE2-AF68-EBE62DED7175}.Debug|Any CPU.Build.0 = Debug|Any CPU
		{E77C8E20-690B-4AE2-AF68-EBE62DED7175}.Debug|x64.ActiveCfg = Debug|Any CPU
		{E77C8E20-690B-4AE2-AF68-EBE62DED7175}.Debug|x64.Build.0 = Debug|Any CPU
		{E77C8E20-690B-4AE2-AF68-EBE62DED7175}.Debug|x86.ActiveCfg = Debug|Any CPU
		{E77C8E20-690B-4AE2-AF68-EBE62DED7175}.Debug|x86.Build.0 = Debug|Any CPU
		{E77C8E20-690B-4AE2-AF68-EBE62DED7175}.Release|Any CPU.ActiveCfg = Release|Any CPU
		{E77C8E20-690B-4AE2-AF68-EBE62DED7175}.Release|Any CPU.Build.0 = Release|Any CPU
		{E77C8E20-690B-4AE2-AF68-EBE62DED7175}.Release|x64.ActiveCfg = Release|Any CPU
		{E77C8E20-690B-4AE2-AF68-EBE62DED7175}.Release|x64.Build.0 = Release|Any CPU
		{E77C8E20-690B-4AE2-AF68-EBE62DED7175}.Release|x86.ActiveCfg = Release|Any CPU
		{E77C8E20-690B-4AE2-AF68-EBE62DED7175}.Release|x86.Build.0 = Release|Any CPU
		{DC87D12B-47C9-42E0-8A11-6324B4D1DD53}.Debug|Any CPU.ActiveCfg = Debug|Any CPU
		{DC87D12B-47C9-42E0-8A11-6324B4D1DD53}.Debug|Any CPU.Build.0 = Debug|Any CPU
		{DC87D12B-47C9-42E0-8A11-6324B4D1DD53}.Debug|x64.ActiveCfg = Debug|Any CPU
		{DC87D12B-47C9-42E0-8A11-6324B4D1DD53}.Debug|x64.Build.0 = Debug|Any CPU
		{DC87D12B-47C9-42E0-8A11-6324B4D1DD53}.Debug|x86.ActiveCfg = Debug|Any CPU
		{DC87D12B-47C9-42E0-8A11-6324B4D1DD53}.Debug|x86.Build.0 = Debug|Any CPU
		{DC87D12B-47C9-42E0-8A11-6324B4D1DD53}.Release|Any CPU.ActiveCfg = Release|Any CPU
		{DC87D12B-47C9-42E0-8A11-6324B4D1DD53}.Release|Any CPU.Build.0 = Release|Any CPU
		{DC87D12B-47C9-42E0-8A11-6324B4D1DD53}.Release|x64.ActiveCfg = Release|Any CPU
		{DC87D12B-47C9-42E0-8A11-6324B4D1DD53}.Release|x64.Build.0 = Release|Any CPU
		{DC87D12B-47C9-42E0-8A11-6324B4D1DD53}.Release|x86.ActiveCfg = Release|Any CPU
		{DC87D12B-47C9-42E0-8A11-6324B4D1DD53}.Release|x86.Build.0 = Release|Any CPU
		{D96ED67F-B639-48C8-AA68-38165F89FAFC}.Debug|Any CPU.ActiveCfg = Debug|Any CPU
		{D96ED67F-B639-48C8-AA68-38165F89FAFC}.Debug|Any CPU.Build.0 = Debug|Any CPU
		{D96ED67F-B639-48C8-AA68-38165F89FAFC}.Debug|x64.ActiveCfg = Debug|Any CPU
		{D96ED67F-B639-48C8-AA68-38165F89FAFC}.Debug|x64.Build.0 = Debug|Any CPU
		{D96ED67F-B639-48C8-AA68-38165F89FAFC}.Debug|x86.ActiveCfg = Debug|Any CPU
		{D96ED67F-B639-48C8-AA68-38165F89FAFC}.Debug|x86.Build.0 = Debug|Any CPU
		{D96ED67F-B639-48C8-AA68-38165F89FAFC}.Release|Any CPU.ActiveCfg = Release|Any CPU
		{D96ED67F-B639-48C8-AA68-38165F89FAFC}.Release|Any CPU.Build.0 = Release|Any CPU
		{D96ED67F-B639-48C8-AA68-38165F89FAFC}.Release|x64.ActiveCfg = Release|Any CPU
		{D96ED67F-B639-48C8-AA68-38165F89FAFC}.Release|x64.Build.0 = Release|Any CPU
		{D96ED67F-B639-48C8-AA68-38165F89FAFC}.Release|x86.ActiveCfg = Release|Any CPU
		{D96ED67F-B639-48C8-AA68-38165F89FAFC}.Release|x86.Build.0 = Release|Any CPU
	EndGlobalSection
	GlobalSection(SolutionProperties) = preSolution
		HideSolutionNode = FALSE
	EndGlobalSection
EndGlobal
